
Microsoft Visual Studio Solution File, Format Version 12.00
# Visual Studio 14
VisualStudioVersion = 14.0.25420.1
MinimumVisualStudioVersion = 10.0.40219.1
Project("{E24C65DC-7377-472B-9ABA-BC803B73C61A}") = "MainPage", "MainPage\", "{645E8A43-6A18-48FC-96E7-44E3E86A6EBF}"
	ProjectSection(WebsiteProperties) = preProject
		TargetFrameworkMoniker = ".NETFramework,Version%3Dv4.0"
		ProjectReferences = "{e9e94df6-7d19-4bc0-9d9a-6a292cd3d864}|EncryptionLib.dll;"
		Debug.AspNetCompiler.VirtualPath = "/localhost_51859"
		Debug.AspNetCompiler.PhysicalPath = "MainPage\"
		Debug.AspNetCompiler.TargetPath = "PrecompiledWeb\localhost_51859\"
		Debug.AspNetCompiler.Updateable = "true"
		Debug.AspNetCompiler.ForceOverwrite = "true"
		Debug.AspNetCompiler.FixedNames = "false"
		Debug.AspNetCompiler.Debug = "True"
		Release.AspNetCompiler.VirtualPath = "/localhost_51859"
		Release.AspNetCompiler.PhysicalPath = "MainPage\"
		Release.AspNetCompiler.TargetPath = "PrecompiledWeb\localhost_51859\"
		Release.AspNetCompiler.Updateable = "true"
		Release.AspNetCompiler.ForceOverwrite = "true"
		Release.AspNetCompiler.FixedNames = "false"
		Release.AspNetCompiler.Debug = "False"
		VWDPort = "51859"
		SlnRelativePath = "MainPage\"
		DefaultWebSiteLanguage = "Visual Basic"
	EndProjectSection
EndProject
Project("{FAE04EC0-301F-11D3-BF4B-00C04F79EFBC}") = "EncryptionLib", "EncryptionLib\EncryptionLib.csproj", "{E9E94DF6-7D19-4BC0-9D9A-6A292CD3D864}"
EndProject
Global
	GlobalSection(SolutionConfigurationPlatforms) = preSolution
		Debug|Any CPU = Debug|Any CPU
		Release|Any CPU = Release|Any CPU
	EndGlobalSection
	GlobalSection(ProjectConfigurationPlatforms) = postSolution
		{645E8A43-6A18-48FC-96E7-44E3E86A6EBF}.Debug|Any CPU.ActiveCfg = Debug|Any CPU
		{645E8A43-6A18-48FC-96E7-44E3E86A6EBF}.Debug|Any CPU.Build.0 = Debug|Any CPU
		{645E8A43-6A18-48FC-96E7-44E3E86A6EBF}.Release|Any CPU.ActiveCfg = Debug|Any CPU
		{645E8A43-6A18-48FC-96E7-44E3E86A6EBF}.Release|Any CPU.Build.0 = Debug|Any CPU
		{E9E94DF6-7D19-4BC0-9D9A-6A292CD3D864}.Debug|Any CPU.ActiveCfg = Debug|Any CPU
		{E9E94DF6-7D19-4BC0-9D9A-6A292CD3D864}.Debug|Any CPU.Build.0 = Debug|Any CPU
		{E9E94DF6-7D19-4BC0-9D9A-6A292CD3D864}.Release|Any CPU.ActiveCfg = Release|Any CPU
		{E9E94DF6-7D19-4BC0-9D9A-6A292CD3D864}.Release|Any CPU.Build.0 = Release|Any CPU
	EndGlobalSection
	GlobalSection(SolutionProperties) = preSolution
		HideSolutionNode = FALSE
	EndGlobalSection
EndGlobal
